{
  "version": 4,
  "terraform_version": "0.12.23",
  "serial": 63,
  "lineage": "fa365494-0738-0559-ea46-1b9710febd5c",
  "outputs": {},
  "resources": [
    {
      "module": "module.dev_cluster",
      "mode": "data",
      "type": "helm_repository",
      "name": "toolkit-charts",
      "provider": "module.dev_cluster.provider.helm",
      "instances": [
        {
          "schema_version": 0,
          "attributes": {
            "ca_file": null,
            "cert_file": null,
            "id": "toolkit-charts",
            "key_file": null,
            "metadata": [
              {
                "name": "toolkit-charts",
                "url": "https://ibm-garage-cloud.github.io/toolkit-charts"
              }
            ],
            "name": "toolkit-charts",
            "password": null,
            "url": "https://ibm-garage-cloud.github.io/toolkit-charts",
            "username": null
          }
        }
      ]
    },
    {
      "module": "module.dev_cluster",
      "mode": "data",
      "type": "ibm_container_cluster",
      "name": "config",
      "provider": "module.dev_cluster.provider.ibm",
      "instances": [
        {
          "schema_version": 0,
          "attributes": {
            "account_guid": null,
            "alb_type": "public",
            "albs": [],
            "bounded_services": [],
            "cluster_name_id": "gsi-learning-ocp43",
            "crn": "crn:v1:bluemix:public:containers-kubernetes:us-east:a/7e341a8be8c9464e8778c7107b2bcccc:bqgbh76w0niiaa9l9dag::",
            "id": "bqgbh76w0niiaa9l9dag",
            "ingress_hostname": "gsi-learning-ocp43-7ec5d722a0ab3f463fdc90eeb94dbc70-0000.us-east.containers.appdomain.cloud",
            "ingress_secret": "gsi-learning-ocp43-7ec5d722a0ab3f463fdc90eeb94dbc70-0000",
            "is_trusted": false,
            "org_guid": null,
            "private_service_endpoint": false,
            "private_service_endpoint_url": "",
            "public_service_endpoint": true,
            "public_service_endpoint_url": "https://c104-e.us-east.containers.cloud.ibm.com:31814",
            "region": "us-east",
            "resource_controller_url": "https://cloud.ibm.com/kubernetes/clusters",
            "resource_crn": "crn:v1:bluemix:public:containers-kubernetes:us-east:a/7e341a8be8c9464e8778c7107b2bcccc:bqgbh76w0niiaa9l9dag::",
            "resource_group_id": "5907343d499d46ddb9421ea2c8c639e7",
            "resource_group_name": "gsi-cloudnative-squad",
            "resource_name": "gsi-learning-ocp43",
            "resource_status": "normal",
            "server_url": "https://c104-e.us-east.containers.cloud.ibm.com:31814",
            "space_guid": null,
            "vlans": [
              {
                "id": "2791620",
                "subnets": [
                  {
                    "cidr": "10.213.25.112/29",
                    "id": "2413952",
                    "ips": [
                      "10.213.25.114",
                      "10.213.25.115",
                      "10.213.25.116",
                      "10.213.25.117",
                      "10.213.25.118"
                    ],
                    "is_byoip": false,
                    "is_public": false
                  }
                ]
              },
              {
                "id": "2791618",
                "subnets": [
                  {
                    "cidr": "52.116.110.176/29",
                    "id": "2413948",
                    "ips": [
                      "52.116.110.178",
                      "52.116.110.179",
                      "52.116.110.180",
                      "52.116.110.181",
                      "52.116.110.182"
                    ],
                    "is_byoip": false,
                    "is_public": true
                  }
                ]
              }
            ],
            "worker_count": 3,
            "worker_pools": [
              {
                "hardware": "public",
                "id": "bqgbh76w0niiaa9l9dag-e912e6a",
                "labels": {
                  "ibm-cloud.kubernetes.io/worker-pool-id": "bqgbh76w0niiaa9l9dag-e912e6a"
                },
                "machine_type": "m3c.8x64.encrypted",
                "name": "default",
                "size_per_zone": 3,
                "state": "active",
                "zones": [
                  {
                    "private_vlan": "2791620",
                    "public_vlan": "2791618",
                    "worker_count": 3,
                    "zone": "wdc04"
                  }
                ]
              }
            ],
            "workers": [
              "kube-bqgbh76w0niiaa9l9dag-gsilearning-default-00000157",
              "kube-bqgbh76w0niiaa9l9dag-gsilearning-default-00000252",
              "kube-bqgbh76w0niiaa9l9dag-gsilearning-default-000003d5"
            ]
          }
        }
      ]
    },
    {
      "module": "module.dev_cluster",
      "mode": "data",
      "type": "ibm_container_cluster_config",
      "name": "cluster",
      "provider": "module.dev_cluster.provider.ibm",
      "instances": [
        {
          "schema_version": 0,
          "attributes": {
            "account_guid": null,
            "admin": false,
            "admin_certificate": "",
            "admin_key": "",
            "ca_certificate": "",
            "calico_config_file_path": null,
            "cluster_name_id": "gsi-learning-ocp43",
            "config_dir": "/home/devops/.kube",
            "config_file_path": "/home/devops/.kube/ab669810ad20a42aeae83ef32b71662c3caef925_gsi-learning-ocp43_k8sconfig/config.yml",
            "download": true,
            "host": "https://c104-e.us-east.containers.cloud.ibm.com:31814",
            "id": "gsi-learning-ocp43",
            "network": false,
            "org_guid": null,
            "region": null,
            "resource_group_id": "5907343d499d46ddb9421ea2c8c639e7",
            "space_guid": null,
            "token": "kDC15ElQDYmmTD3cjED-E73z59hJO2hEgVHSEKhBoYE"
          }
        }
      ]
    },
    {
      "module": "module.dev_cluster",
      "mode": "data",
      "type": "ibm_container_cluster_versions",
      "name": "cluster_versions",
      "provider": "module.dev_cluster.provider.ibm",
      "instances": [
        {
          "schema_version": 0,
          "attributes": {
            "account_guid": null,
            "id": "2020-04-23 18:50:26.6258035 +0000 UTC",
            "org_guid": null,
            "region": null,
            "resource_group_id": "5907343d499d46ddb9421ea2c8c639e7",
            "space_guid": null,
            "valid_kube_versions": [
              "1.14.10",
              "1.15.11",
              "1.16.9",
              "1.17.5"
            ],
            "valid_openshift_versions": [
              "3.11.200",
              "4.3.12"
            ]
          }
        }
      ]
    },
    {
      "module": "module.dev_cluster",
      "mode": "data",
      "type": "ibm_resource_group",
      "name": "resource_group",
      "provider": "module.dev_cluster.provider.ibm",
      "instances": [
        {
          "schema_version": 0,
          "attributes": {
            "id": "5907343d499d46ddb9421ea2c8c639e7",
            "is_default": false,
            "name": "gsi-cloudnative-squad"
          }
        }
      ]
    },
    {
      "module": "module.dev_infrastructure_logdna",
      "mode": "data",
      "type": "ibm_resource_group",
      "name": "tools_resource_group",
      "provider": "module.dev_infrastructure_logdna.provider.ibm",
      "instances": [
        {
          "schema_version": 0,
          "attributes": {
            "id": "5907343d499d46ddb9421ea2c8c639e7",
            "is_default": false,
            "name": "gsi-cloudnative-squad"
          }
        }
      ]
    },
    {
      "module": "module.dev_infrastructure_sysdig",
      "mode": "data",
      "type": "ibm_resource_group",
      "name": "tools_resource_group",
      "provider": "module.dev_infrastructure_sysdig.provider.ibm",
      "instances": [
        {
          "schema_version": 0,
          "attributes": {
            "id": "5907343d499d46ddb9421ea2c8c639e7",
            "is_default": false,
            "name": "gsi-cloudnative-squad"
          }
        }
      ]
    },
    {
      "module": "module.dev_cluster",
      "mode": "data",
      "type": "local_file",
      "name": "cluster_version",
      "provider": "module.dev_cluster.provider.local",
      "instances": [
        {
          "schema_version": 0,
          "attributes": {
            "content": "If you have IBM Cloud Kubernetes Service clusters that run versions 1.13 or 1.14, update them now to continue receiving important security updates and support. Version 1.14 is deprecated and will be unsupported 31 May 2020. Versions 1.13 and earlier are already unsupported. For more information and update actions, see \u003chttps://ibm.biz/iks-versions\u003e 4.3",
            "content_base64": "SWYgeW91IGhhdmUgSUJNIENsb3VkIEt1YmVybmV0ZXMgU2VydmljZSBjbHVzdGVycyB0aGF0IHJ1biB2ZXJzaW9ucyAxLjEzIG9yIDEuMTQsIHVwZGF0ZSB0aGVtIG5vdyB0byBjb250aW51ZSByZWNlaXZpbmcgaW1wb3J0YW50IHNlY3VyaXR5IHVwZGF0ZXMgYW5kIHN1cHBvcnQuIFZlcnNpb24gMS4xNCBpcyBkZXByZWNhdGVkIGFuZCB3aWxsIGJlIHVuc3VwcG9ydGVkIDMxIE1heSAyMDIwLiBWZXJzaW9ucyAxLjEzIGFuZCBlYXJsaWVyIGFyZSBhbHJlYWR5IHVuc3VwcG9ydGVkLiBGb3IgbW9yZSBpbmZvcm1hdGlvbiBhbmQgdXBkYXRlIGFjdGlvbnMsIHNlZSA8aHR0cHM6Ly9pYm0uYml6L2lrcy12ZXJzaW9ucz4gNC4z",
            "filename": "/home/devops/src/workspace/.tmp/cluster_version.val",
            "id": "8c4714d88a42923b648584172dd61608763ac68e"
          }
        }
      ]
    },
    {
      "module": "module.dev_cluster",
      "mode": "data",
      "type": "local_file",
      "name": "registry_url",
      "provider": "module.dev_cluster.provider.local",
      "instances": [
        {
          "schema_version": 0,
          "attributes": {
            "content": "us.icr.io",
            "content_base64": "dXMuaWNyLmlv",
            "filename": "/home/devops/src/workspace/.tmp/registry_url.val",
            "id": "c60c2c06d2c458c54288e39a84b7b5683c8ba4d7"
          }
        }
      ]
    },
    {
      "module": "module.dev_cluster",
      "mode": "managed",
      "type": "helm_release",
      "name": "ibmcloud_config",
      "provider": "module.dev_cluster.provider.helm",
      "instances": [
        {
          "schema_version": 0,
          "attributes": {
            "atomic": false,
            "chart": "ibmcloud",
            "cleanup_on_fail": false,
            "dependency_update": false,
            "devel": null,
            "disable_crd_hooks": false,
            "disable_webhooks": false,
            "force_update": false,
            "id": "ibmcloud-config",
            "keyring": null,
            "max_history": 0,
            "metadata": [
              {
                "chart": "ibmcloud",
                "name": "ibmcloud-config",
                "namespace": "default",
                "revision": 1,
                "values": "{\"apikey\":\"r3dsWO7bNzx49wc9HYMYd5Jinr9v0lB-ffgOJGp6yOxm\",\"cluster_name\":\"gsi-learning-ocp43\",\"cluster_type\":\"openshift\",\"cluster_version\":\"4.3.12_openshift\",\"ingress_subdomain\":\"gsi-learning-ocp43-7ec5d722a0ab3f463fdc90eeb94dbc70-0000.us-east.containers.appdomain.cloud\",\"region\":\"us-east\",\"registry_url\":\"us.icr.io\",\"resource_group\":\"gsi-cloudnative-squad\",\"server_url\":\"https://c104-e.us-east.containers.cloud.ibm.com:31814\",\"tls_secret_name\":\"gsi-learning-ocp43-7ec5d722a0ab3f463fdc90eeb94dbc70-0000\"}",
                "version": "0.1.3"
              }
            ],
            "name": "ibmcloud-config",
            "namespace": "default",
            "recreate_pods": false,
            "render_subchart_notes": true,
            "replace": false,
            "repository": "toolkit-charts",
            "repository_ca_file": null,
            "repository_cert_file": null,
            "repository_key_file": null,
            "repository_password": null,
            "repository_username": null,
            "reset_values": false,
            "reuse_values": false,
            "set": [
              {
                "name": "cluster_name",
                "value": "gsi-learning-ocp43"
              },
              {
                "name": "cluster_type",
                "value": "openshift"
              },
              {
                "name": "cluster_version",
                "value": "4.3.12_openshift"
              },
              {
                "name": "ingress_subdomain",
                "value": "gsi-learning-ocp43-7ec5d722a0ab3f463fdc90eeb94dbc70-0000.us-east.containers.appdomain.cloud"
              },
              {
                "name": "region",
                "value": "us-east"
              },
              {
                "name": "registry_url",
                "value": "us.icr.io"
              },
              {
                "name": "resource_group",
                "value": "gsi-cloudnative-squad"
              },
              {
                "name": "server_url",
                "value": "https://c104-e.us-east.containers.cloud.ibm.com:31814"
              },
              {
                "name": "tls_secret_name",
                "value": "gsi-learning-ocp43-7ec5d722a0ab3f463fdc90eeb94dbc70-0000"
              }
            ],
            "set_sensitive": [
              {
                "name": "apikey",
                "value": "r3dsWO7bNzx49wc9HYMYd5Jinr9v0lB-ffgOJGp6yOxm"
              }
            ],
            "set_string": [],
            "skip_crds": false,
            "status": "deployed",
            "timeout": 300,
            "values": null,
            "verify": false,
            "version": "0.1.3",
            "wait": true
          },
          "private": "bnVsbA==",
          "dependencies": [
            "module.dev_cluster.ibm_container_cluster.create_cluster",
            "module.dev_cluster.null_resource.create_cluster_config_dir",
            "module.dev_cluster.null_resource.create_registry_namespace",
            "module.dev_cluster.null_resource.delete_ibmcloud_chart",
            "module.dev_cluster.null_resource.ibmcloud_login",
            "module.dev_cluster.null_resource.oc_login",
            "module.dev_cluster.null_resource.setup_kube_config"
          ]
        }
      ]
    },
    {
      "module": "module.dev_cluster",
      "mode": "managed",
      "type": "ibm_container_cluster",
      "name": "create_cluster",
      "each": "list",
      "provider": "module.dev_cluster.provider.ibm",
      "instances": []
    },
    {
      "module": "module.dev_infrastructure_logdna",
      "mode": "managed",
      "type": "ibm_resource_instance",
      "name": "logdna_instance",
      "provider": "module.dev_infrastructure_logdna.provider.ibm",
      "instances": [
        {
          "schema_version": 0,
          "attributes": {
            "crn": "crn:v1:bluemix:public:logdna:us-east:a/7e341a8be8c9464e8778c7107b2bcccc:b3e470bc-b0ed-40c3-b74a-1a11f7402958::",
            "guid": "b3e470bc-b0ed-40c3-b74a-1a11f7402958",
            "id": "crn:v1:bluemix:public:logdna:us-east:a/7e341a8be8c9464e8778c7107b2bcccc:b3e470bc-b0ed-40c3-b74a-1a11f7402958::",
            "location": "us-east",
            "name": "gsi-learning-ocp43-logdna",
            "parameters": null,
            "plan": "7-day",
            "resource_controller_url": "https://cloud.ibm.com/services/",
            "resource_crn": "crn:v1:bluemix:public:logdna:us-east:a/7e341a8be8c9464e8778c7107b2bcccc:b3e470bc-b0ed-40c3-b74a-1a11f7402958::",
            "resource_group_id": "5907343d499d46ddb9421ea2c8c639e7",
            "resource_group_name": "",
            "resource_name": "gsi-learning-ocp43-logdna",
            "resource_status": "active",
            "service": "logdna",
            "service_endpoints": null,
            "status": "active",
            "tags": [],
            "timeouts": {
              "create": "15m",
              "delete": "15m",
              "update": "15m"
            }
          },
          "private": "eyJlMmJmYjczMC1lY2FhLTExZTYtOGY4OC0zNDM2M2JjN2M0YzAiOnsiY3JlYXRlIjo5MDAwMDAwMDAwMDAsImRlbGV0ZSI6OTAwMDAwMDAwMDAwLCJ1cGRhdGUiOjkwMDAwMDAwMDAwMH19",
          "dependencies": [
            "module.dev_cluster.helm_release.ibmcloud_config",
            "module.dev_cluster.ibm_container_cluster.create_cluster",
            "module.dev_cluster.null_resource.create_cluster_config_dir",
            "module.dev_cluster.null_resource.create_registry_namespace",
            "module.dev_cluster.null_resource.delete_ibmcloud_chart",
            "module.dev_cluster.null_resource.ibmcloud_login",
            "module.dev_cluster.null_resource.oc_login",
            "module.dev_cluster.null_resource.setup_kube_config"
          ]
        }
      ]
    },
    {
      "module": "module.dev_infrastructure_sysdig",
      "mode": "managed",
      "type": "ibm_resource_instance",
      "name": "sysdig_instance",
      "provider": "module.dev_infrastructure_sysdig.provider.ibm",
      "instances": [
        {
          "schema_version": 0,
          "attributes": {
            "crn": "crn:v1:bluemix:public:sysdig-monitor:us-east:a/7e341a8be8c9464e8778c7107b2bcccc:ca0f5170-5863-4a63-b3d5-f4a578987872::",
            "guid": "ca0f5170-5863-4a63-b3d5-f4a578987872",
            "id": "crn:v1:bluemix:public:sysdig-monitor:us-east:a/7e341a8be8c9464e8778c7107b2bcccc:ca0f5170-5863-4a63-b3d5-f4a578987872::",
            "location": "us-east",
            "name": "gsi-learning-ocp43-sysdig",
            "parameters": null,
            "plan": "graduated-tier",
            "resource_controller_url": "https://cloud.ibm.com/services/",
            "resource_crn": "crn:v1:bluemix:public:sysdig-monitor:us-east:a/7e341a8be8c9464e8778c7107b2bcccc:ca0f5170-5863-4a63-b3d5-f4a578987872::",
            "resource_group_id": "5907343d499d46ddb9421ea2c8c639e7",
            "resource_group_name": "",
            "resource_name": "gsi-learning-ocp43-sysdig",
            "resource_status": "active",
            "service": "sysdig-monitor",
            "service_endpoints": null,
            "status": "active",
            "tags": [
              "ocp"
            ],
            "timeouts": {
              "create": "15m",
              "delete": "15m",
              "update": "15m"
            }
          },
          "private": "eyJlMmJmYjczMC1lY2FhLTExZTYtOGY4OC0zNDM2M2JjN2M0YzAiOnsiY3JlYXRlIjo5MDAwMDAwMDAwMDAsImRlbGV0ZSI6OTAwMDAwMDAwMDAwLCJ1cGRhdGUiOjkwMDAwMDAwMDAwMH19",
          "dependencies": [
            "module.dev_cluster.helm_release.ibmcloud_config",
            "module.dev_cluster.ibm_container_cluster.create_cluster",
            "module.dev_cluster.null_resource.create_cluster_config_dir",
            "module.dev_cluster.null_resource.create_registry_namespace",
            "module.dev_cluster.null_resource.delete_ibmcloud_chart",
            "module.dev_cluster.null_resource.ibmcloud_login",
            "module.dev_cluster.null_resource.oc_login",
            "module.dev_cluster.null_resource.setup_kube_config"
          ]
        }
      ]
    },
    {
      "module": "module.dev_infrastructure_logdna",
      "mode": "managed",
      "type": "ibm_resource_key",
      "name": "logdna_instance_key",
      "provider": "module.dev_infrastructure_logdna.provider.ibm",
      "instances": [
        {
          "schema_version": 0,
          "attributes": {
            "credentials": {
              "apikey": "Iytm7YR-cbRG2fhxJtd2KOeV0t0mbmrrG1DrrJYAw8qU",
              "iam_apikey_description": "Auto-generated for key 078f6cf5-8da4-41cb-a931-97aec89356a4",
              "iam_apikey_name": "gsi-learning-ocp43-logdna-key",
              "iam_role_crn": "crn:v1:bluemix:public:iam::::serviceRole:Manager",
              "iam_serviceid_crn": "crn:v1:bluemix:public:iam-identity::a/7e341a8be8c9464e8778c7107b2bcccc::serviceid:ServiceId-fd87d4ca-f683-4d6a-b75f-7eb7ff736486",
              "ingestion_key": "9bdefdcc4b0bc9ba4bfec34fb5bc077d"
            },
            "crn": "crn:v1:bluemix:public:logdna:us-east:a/7e341a8be8c9464e8778c7107b2bcccc:b3e470bc-b0ed-40c3-b74a-1a11f7402958:resource-key:078f6cf5-8da4-41cb-a931-97aec89356a4",
            "id": "crn:v1:bluemix:public:logdna:us-east:a/7e341a8be8c9464e8778c7107b2bcccc:b3e470bc-b0ed-40c3-b74a-1a11f7402958:resource-key:078f6cf5-8da4-41cb-a931-97aec89356a4",
            "name": "gsi-learning-ocp43-logdna-key",
            "parameters": {},
            "resource_alias_id": null,
            "resource_instance_id": "crn:v1:bluemix:public:logdna:us-east:a/7e341a8be8c9464e8778c7107b2bcccc:b3e470bc-b0ed-40c3-b74a-1a11f7402958::",
            "role": "Manager",
            "status": "active",
            "tags": null,
            "timeouts": {
              "create": "15m",
              "delete": "15m"
            }
          },
          "private": "eyJlMmJmYjczMC1lY2FhLTExZTYtOGY4OC0zNDM2M2JjN2M0YzAiOnsiY3JlYXRlIjo5MDAwMDAwMDAwMDAsImRlbGV0ZSI6OTAwMDAwMDAwMDAwfX0=",
          "dependencies": [
            "module.dev_cluster.helm_release.ibmcloud_config",
            "module.dev_cluster.ibm_container_cluster.create_cluster",
            "module.dev_cluster.null_resource.create_cluster_config_dir",
            "module.dev_cluster.null_resource.create_registry_namespace",
            "module.dev_cluster.null_resource.delete_ibmcloud_chart",
            "module.dev_cluster.null_resource.ibmcloud_login",
            "module.dev_cluster.null_resource.oc_login",
            "module.dev_cluster.null_resource.setup_kube_config",
            "module.dev_infrastructure_logdna.ibm_resource_instance.logdna_instance"
          ]
        }
      ]
    },
    {
      "module": "module.dev_infrastructure_sysdig",
      "mode": "managed",
      "type": "ibm_resource_key",
      "name": "sysdig_instance_key",
      "provider": "module.dev_infrastructure_sysdig.provider.ibm",
      "instances": [
        {
          "schema_version": 0,
          "attributes": {
            "credentials": {
              "Sysdig Access Key": "587b9311-fde0-48fd-b58a-1a81547cf817",
              "Sysdig Collector Endpoint": "ingest.us-east.monitoring.cloud.ibm.com",
              "Sysdig Customer Id": "5608",
              "Sysdig Endpoint": "https://us-east.monitoring.cloud.ibm.com",
              "apikey": "uDv46teUPw3WCiRNN1cL9DT0uA4F2NfsJlq3X0zPCTn7",
              "iam_apikey_description": "Auto-generated for key 6ffb47a5-7362-408e-a5e3-40f77f3a1cb8",
              "iam_apikey_name": "gsi-learning-ocp43-sysdig-key",
              "iam_role_crn": "crn:v1:bluemix:public:iam::::serviceRole:Manager",
              "iam_serviceid_crn": "crn:v1:bluemix:public:iam-identity::a/7e341a8be8c9464e8778c7107b2bcccc::serviceid:ServiceId-6f780cec-8631-42f4-a318-0b7e2598b672"
            },
            "crn": "crn:v1:bluemix:public:sysdig-monitor:us-east:a/7e341a8be8c9464e8778c7107b2bcccc:ca0f5170-5863-4a63-b3d5-f4a578987872:resource-key:6ffb47a5-7362-408e-a5e3-40f77f3a1cb8",
            "id": "crn:v1:bluemix:public:sysdig-monitor:us-east:a/7e341a8be8c9464e8778c7107b2bcccc:ca0f5170-5863-4a63-b3d5-f4a578987872:resource-key:6ffb47a5-7362-408e-a5e3-40f77f3a1cb8",
            "name": "gsi-learning-ocp43-sysdig-key",
            "parameters": {},
            "resource_alias_id": null,
            "resource_instance_id": "crn:v1:bluemix:public:sysdig-monitor:us-east:a/7e341a8be8c9464e8778c7107b2bcccc:ca0f5170-5863-4a63-b3d5-f4a578987872::",
            "role": "Manager",
            "status": "active",
            "tags": null,
            "timeouts": {
              "create": "15m",
              "delete": "15m"
            }
          },
          "private": "eyJlMmJmYjczMC1lY2FhLTExZTYtOGY4OC0zNDM2M2JjN2M0YzAiOnsiY3JlYXRlIjo5MDAwMDAwMDAwMDAsImRlbGV0ZSI6OTAwMDAwMDAwMDAwfX0=",
          "dependencies": [
            "module.dev_cluster.helm_release.ibmcloud_config",
            "module.dev_cluster.ibm_container_cluster.create_cluster",
            "module.dev_cluster.null_resource.create_cluster_config_dir",
            "module.dev_cluster.null_resource.create_registry_namespace",
            "module.dev_cluster.null_resource.delete_ibmcloud_chart",
            "module.dev_cluster.null_resource.ibmcloud_login",
            "module.dev_cluster.null_resource.oc_login",
            "module.dev_cluster.null_resource.setup_kube_config",
            "module.dev_infrastructure_sysdig.ibm_resource_instance.sysdig_instance"
          ]
        }
      ]
    },
    {
      "module": "module.dev_serviceaccount_sonarqube",
      "mode": "managed",
      "type": "kubernetes_namespace",
      "name": "create",
      "each": "list",
      "provider": "module.dev_serviceaccount_sonarqube.provider.kubernetes",
      "instances": []
    },
    {
      "module": "module.dev_serviceaccount_logdna-agent",
      "mode": "managed",
      "type": "kubernetes_namespace",
      "name": "create",
      "each": "list",
      "provider": "module.dev_serviceaccount_logdna-agent.provider.kubernetes",
      "instances": []
    },
    {
      "module": "module.dev_cluster_namespaces",
      "mode": "managed",
      "type": "kubernetes_namespace",
      "name": "releases",
      "each": "list",
      "provider": "module.dev_cluster_namespaces.provider.kubernetes",
      "instances": [
        {
          "index_key": 0,
          "schema_version": 0,
          "attributes": {
            "id": "dev",
            "metadata": [
              {
                "annotations": {
                  "openshift.io/sa.scc.mcs": "s0:c34,c9",
                  "openshift.io/sa.scc.supplemental-groups": "1001140000/10000",
                  "openshift.io/sa.scc.uid-range": "1001140000/10000"
                },
                "generate_name": "",
                "generation": 0,
                "labels": null,
                "name": "dev",
                "resource_version": "362653",
                "self_link": "/api/v1/namespaces/dev",
                "uid": "d45050a9-4513-4112-ac89-546abc55530a"
              }
            ],
            "timeouts": null
          },
          "private": "eyJlMmJmYjczMC1lY2FhLTExZTYtOGY4OC0zNDM2M2JjN2M0YzAiOnsiZGVsZXRlIjozMDAwMDAwMDAwMDB9fQ==",
          "dependencies": [
            "module.dev_cluster.helm_release.ibmcloud_config",
            "module.dev_cluster.ibm_container_cluster.create_cluster",
            "module.dev_cluster.null_resource.create_cluster_config_dir",
            "module.dev_cluster.null_resource.create_registry_namespace",
            "module.dev_cluster.null_resource.delete_ibmcloud_chart",
            "module.dev_cluster.null_resource.ibmcloud_login",
            "module.dev_cluster.null_resource.oc_login",
            "module.dev_cluster.null_resource.setup_kube_config",
            "module.dev_cluster_namespaces.null_resource.delete_release_namespaces"
          ]
        },
        {
          "index_key": 1,
          "schema_version": 0,
          "attributes": {
            "id": "test",
            "metadata": [
              {
                "annotations": {
                  "openshift.io/sa.scc.mcs": "s0:c34,c4",
                  "openshift.io/sa.scc.supplemental-groups": "1001130000/10000",
                  "openshift.io/sa.scc.uid-range": "1001130000/10000"
                },
                "generate_name": "",
                "generation": 0,
                "labels": null,
                "name": "test",
                "resource_version": "362634",
                "self_link": "/api/v1/namespaces/test",
                "uid": "9f1765f2-d519-4d8d-8029-41e440aa8138"
              }
            ],
            "timeouts": null
          },
          "private": "eyJlMmJmYjczMC1lY2FhLTExZTYtOGY4OC0zNDM2M2JjN2M0YzAiOnsiZGVsZXRlIjozMDAwMDAwMDAwMDB9fQ==",
          "dependencies": [
            "module.dev_cluster.helm_release.ibmcloud_config",
            "module.dev_cluster.ibm_container_cluster.create_cluster",
            "module.dev_cluster.null_resource.create_cluster_config_dir",
            "module.dev_cluster.null_resource.create_registry_namespace",
            "module.dev_cluster.null_resource.delete_ibmcloud_chart",
            "module.dev_cluster.null_resource.ibmcloud_login",
            "module.dev_cluster.null_resource.oc_login",
            "module.dev_cluster.null_resource.setup_kube_config",
            "module.dev_cluster_namespaces.null_resource.delete_release_namespaces"
          ]
        },
        {
          "index_key": 2,
          "schema_version": 0,
          "attributes": {
            "id": "staging",
            "metadata": [
              {
                "annotations": null,
                "generate_name": "",
                "generation": 0,
                "labels": null,
                "name": "staging",
                "resource_version": "362618",
                "self_link": "/api/v1/namespaces/staging",
                "uid": "83674a6a-fed3-41fa-9be1-55b152369fe6"
              }
            ],
            "timeouts": null
          },
          "private": "eyJlMmJmYjczMC1lY2FhLTExZTYtOGY4OC0zNDM2M2JjN2M0YzAiOnsiZGVsZXRlIjozMDAwMDAwMDAwMDB9fQ==",
          "dependencies": [
            "module.dev_cluster.helm_release.ibmcloud_config",
            "module.dev_cluster.ibm_container_cluster.create_cluster",
            "module.dev_cluster.null_resource.create_cluster_config_dir",
            "module.dev_cluster.null_resource.create_registry_namespace",
            "module.dev_cluster.null_resource.delete_ibmcloud_chart",
            "module.dev_cluster.null_resource.ibmcloud_login",
            "module.dev_cluster.null_resource.oc_login",
            "module.dev_cluster.null_resource.setup_kube_config",
            "module.dev_cluster_namespaces.null_resource.delete_release_namespaces"
          ]
        }
      ]
    },
    {
      "module": "module.dev_sre_namespace",
      "mode": "managed",
      "type": "kubernetes_namespace",
      "name": "releases",
      "each": "list",
      "provider": "module.dev_sre_namespace.provider.kubernetes",
      "instances": []
    },
    {
      "module": "module.dev_cluster_namespaces",
      "mode": "managed",
      "type": "kubernetes_namespace",
      "name": "tools",
      "provider": "module.dev_cluster_namespaces.provider.kubernetes",
      "instances": [
        {
          "schema_version": 0,
          "attributes": {
            "id": "tools",
            "metadata": [
              {
                "annotations": {
                  "openshift.io/sa.scc.mcs": "s0:c34,c19",
                  "openshift.io/sa.scc.supplemental-groups": "1001160000/10000",
                  "openshift.io/sa.scc.uid-range": "1001160000/10000"
                },
                "generate_name": "",
                "generation": 0,
                "labels": null,
                "name": "tools",
                "resource_version": "363017",
                "self_link": "/api/v1/namespaces/tools",
                "uid": "45f255da-92dd-4de2-8983-c69242c98e1a"
              }
            ],
            "timeouts": null
          },
          "private": "eyJlMmJmYjczMC1lY2FhLTExZTYtOGY4OC0zNDM2M2JjN2M0YzAiOnsiZGVsZXRlIjozMDAwMDAwMDAwMDB9fQ==",
          "dependencies": [
            "module.dev_cluster.helm_release.ibmcloud_config",
            "module.dev_cluster.ibm_container_cluster.create_cluster",
            "module.dev_cluster.null_resource.create_cluster_config_dir",
            "module.dev_cluster.null_resource.create_registry_namespace",
            "module.dev_cluster.null_resource.delete_ibmcloud_chart",
            "module.dev_cluster.null_resource.ibmcloud_login",
            "module.dev_cluster.null_resource.oc_login",
            "module.dev_cluster.null_resource.setup_kube_config",
            "module.dev_cluster_namespaces.null_resource.delete_tools_namespace"
          ]
        }
      ]
    },
    {
      "module": "module.dev_sre_namespace",
      "mode": "managed",
      "type": "kubernetes_namespace",
      "name": "tools",
      "provider": "module.dev_sre_namespace.provider.kubernetes",
      "instances": [
        {
          "schema_version": 0,
          "attributes": {
            "id": "ibm-observe",
            "metadata": [
              {
                "annotations": {
                  "openshift.io/sa.scc.mcs": "s0:c33,c32",
                  "openshift.io/sa.scc.supplemental-groups": "1001120000/10000",
                  "openshift.io/sa.scc.uid-range": "1001120000/10000"
                },
                "generate_name": "",
                "generation": 0,
                "labels": null,
                "name": "ibm-observe",
                "resource_version": "362440",
                "self_link": "/api/v1/namespaces/ibm-observe",
                "uid": "c75391bc-83f2-48b4-8a30-4034ea62cfb0"
              }
            ],
            "timeouts": null
          },
          "private": "eyJlMmJmYjczMC1lY2FhLTExZTYtOGY4OC0zNDM2M2JjN2M0YzAiOnsiZGVsZXRlIjozMDAwMDAwMDAwMDB9fQ==",
          "dependencies": [
            "module.dev_cluster.helm_release.ibmcloud_config",
            "module.dev_cluster.ibm_container_cluster.create_cluster",
            "module.dev_cluster.null_resource.create_cluster_config_dir",
            "module.dev_cluster.null_resource.create_registry_namespace",
            "module.dev_cluster.null_resource.delete_ibmcloud_chart",
            "module.dev_cluster.null_resource.ibmcloud_login",
            "module.dev_cluster.null_resource.oc_login",
            "module.dev_cluster.null_resource.setup_kube_config",
            "module.dev_sre_namespace.null_resource.delete_tools_namespace"
          ]
        }
      ]
    },
    {
      "module": "module.dev_serviceaccount_sonarqube",
      "mode": "managed",
      "type": "kubernetes_service_account",
      "name": "create",
      "provider": "module.dev_serviceaccount_sonarqube.provider.kubernetes",
      "instances": [
        {
          "schema_version": 0,
          "attributes": {
            "automount_service_account_token": false,
            "default_secret_name": "sonarqube-token-lwfl9",
            "id": "tools/sonarqube",
            "image_pull_secret": [],
            "metadata": [
              {
                "annotations": null,
                "generate_name": "",
                "generation": 0,
                "labels": null,
                "name": "sonarqube",
                "namespace": "tools",
                "resource_version": "363170",
                "self_link": "/api/v1/namespaces/tools/serviceaccounts/sonarqube",
                "uid": "a3d3cf07-e9ce-4555-a1fc-73003185a227"
              }
            ],
            "secret": [],
            "timeouts": null
          },
          "private": "eyJlMmJmYjczMC1lY2FhLTExZTYtOGY4OC0zNDM2M2JjN2M0YzAiOnsiY3JlYXRlIjozMDAwMDAwMDAwMH19",
          "dependencies": [
            "module.dev_cluster.helm_release.ibmcloud_config",
            "module.dev_cluster.ibm_container_cluster.create_cluster",
            "module.dev_cluster.null_resource.create_cluster_config_dir",
            "module.dev_cluster.null_resource.create_registry_namespace",
            "module.dev_cluster.null_resource.delete_ibmcloud_chart",
            "module.dev_cluster.null_resource.ibmcloud_login",
            "module.dev_cluster.null_resource.oc_login",
            "module.dev_cluster.null_resource.setup_kube_config",
            "module.dev_cluster_namespaces.kubernetes_namespace.releases",
            "module.dev_cluster_namespaces.kubernetes_namespace.tools",
            "module.dev_cluster_namespaces.null_resource.copy_apikey_secret",
            "module.dev_cluster_namespaces.null_resource.copy_cloud_configmap",
            "module.dev_cluster_namespaces.null_resource.create_pull_secrets",
            "module.dev_cluster_namespaces.null_resource.delete_release_namespaces",
            "module.dev_cluster_namespaces.null_resource.delete_tools_namespace",
            "module.dev_serviceaccount_sonarqube.kubernetes_namespace.create",
            "module.dev_serviceaccount_sonarqube.null_resource.delete_serviceaccount"
          ]
        }
      ]
    },
    {
      "module": "module.dev_serviceaccount_logdna-agent",
      "mode": "managed",
      "type": "kubernetes_service_account",
      "name": "create",
      "provider": "module.dev_serviceaccount_logdna-agent.provider.kubernetes",
      "instances": [
        {
          "schema_version": 0,
          "attributes": {
            "automount_service_account_token": false,
            "default_secret_name": "logdna-agent-token-7mwth",
            "id": "ibm-observe/logdna-agent",
            "image_pull_secret": [],
            "metadata": [
              {
                "annotations": null,
                "generate_name": "",
                "generation": 0,
                "labels": null,
                "name": "logdna-agent",
                "namespace": "ibm-observe",
                "resource_version": "362522",
                "self_link": "/api/v1/namespaces/ibm-observe/serviceaccounts/logdna-agent",
                "uid": "d64b90d0-0a79-42fd-bef4-5d01cbe066e0"
              }
            ],
            "secret": [],
            "timeouts": null
          },
          "private": "eyJlMmJmYjczMC1lY2FhLTExZTYtOGY4OC0zNDM2M2JjN2M0YzAiOnsiY3JlYXRlIjozMDAwMDAwMDAwMH19",
          "dependencies": [
            "module.dev_cluster.helm_release.ibmcloud_config",
            "module.dev_cluster.ibm_container_cluster.create_cluster",
            "module.dev_cluster.null_resource.create_cluster_config_dir",
            "module.dev_cluster.null_resource.create_registry_namespace",
            "module.dev_cluster.null_resource.delete_ibmcloud_chart",
            "module.dev_cluster.null_resource.ibmcloud_login",
            "module.dev_cluster.null_resource.oc_login",
            "module.dev_cluster.null_resource.setup_kube_config",
            "module.dev_serviceaccount_logdna-agent.kubernetes_namespace.create",
            "module.dev_serviceaccount_logdna-agent.null_resource.delete_serviceaccount",
            "module.dev_sre_namespace.kubernetes_namespace.releases",
            "module.dev_sre_namespace.kubernetes_namespace.tools",
            "module.dev_sre_namespace.null_resource.copy_apikey_secret",
            "module.dev_sre_namespace.null_resource.copy_cloud_configmap",
            "module.dev_sre_namespace.null_resource.create_pull_secrets",
            "module.dev_sre_namespace.null_resource.delete_tools_namespace"
          ]
        }
      ]
    },
    {
      "module": "module.dev_serviceaccount_sonarqube",
      "mode": "managed",
      "type": "null_resource",
      "name": "add_ssc_openshift",
      "each": "list",
      "provider": "module.dev_serviceaccount_sonarqube.provider.null",
      "instances": [
        {
          "index_key": 0,
          "schema_version": 0,
          "attributes": {
            "id": "1075550111966629365",
            "triggers": null
          },
          "private": "bnVsbA==",
          "dependencies": [
            "module.dev_cluster.helm_release.ibmcloud_config",
            "module.dev_cluster.ibm_container_cluster.create_cluster",
            "module.dev_cluster.null_resource.create_cluster_config_dir",
            "module.dev_cluster.null_resource.create_registry_namespace",
            "module.dev_cluster.null_resource.delete_ibmcloud_chart",
            "module.dev_cluster.null_resource.ibmcloud_login",
            "module.dev_cluster.null_resource.oc_login",
            "module.dev_cluster.null_resource.setup_kube_config",
            "module.dev_cluster_namespaces.kubernetes_namespace.releases",
            "module.dev_cluster_namespaces.kubernetes_namespace.tools",
            "module.dev_cluster_namespaces.null_resource.copy_apikey_secret",
            "module.dev_cluster_namespaces.null_resource.copy_cloud_configmap",
            "module.dev_cluster_namespaces.null_resource.create_pull_secrets",
            "module.dev_cluster_namespaces.null_resource.delete_release_namespaces",
            "module.dev_cluster_namespaces.null_resource.delete_tools_namespace",
            "module.dev_serviceaccount_sonarqube.kubernetes_namespace.create",
            "module.dev_serviceaccount_sonarqube.kubernetes_service_account.create",
            "module.dev_serviceaccount_sonarqube.null_resource.delete_serviceaccount"
          ]
        }
      ]
    },
    {
      "module": "module.dev_serviceaccount_artifactory",
      "mode": "managed",
      "type": "null_resource",
      "name": "add_ssc_openshift",
      "each": "list",
      "provider": "module.dev_serviceaccount_artifactory.provider.null",
      "instances": [
        {
          "index_key": 0,
          "schema_version": 0,
          "attributes": {
            "id": "5293087426145885496",
            "triggers": null
          },
          "private": "bnVsbA==",
          "dependencies": [
            "module.dev_cluster.helm_release.ibmcloud_config",
            "module.dev_cluster.ibm_container_cluster.create_cluster",
            "module.dev_cluster.null_resource.create_cluster_config_dir",
            "module.dev_cluster.null_resource.create_registry_namespace",
            "module.dev_cluster.null_resource.delete_ibmcloud_chart",
            "module.dev_cluster.null_resource.ibmcloud_login",
            "module.dev_cluster.null_resource.oc_login",
            "module.dev_cluster.null_resource.setup_kube_config",
            "module.dev_cluster_namespaces.kubernetes_namespace.releases",
            "module.dev_cluster_namespaces.kubernetes_namespace.tools",
            "module.dev_cluster_namespaces.null_resource.copy_apikey_secret",
            "module.dev_cluster_namespaces.null_resource.copy_cloud_configmap",
            "module.dev_cluster_namespaces.null_resource.create_pull_secrets",
            "module.dev_cluster_namespaces.null_resource.delete_release_namespaces",
            "module.dev_cluster_namespaces.null_resource.delete_tools_namespace",
            "module.dev_serviceaccount_artifactory.null_resource.create_serviceaccount",
            "module.dev_serviceaccount_artifactory.null_resource.delete_serviceaccount"
          ]
        }
      ]
    },
    {
      "module": "module.dev_serviceaccount_logdna-agent",
      "mode": "managed",
      "type": "null_resource",
      "name": "add_ssc_openshift",
      "each": "list",
      "provider": "module.dev_serviceaccount_logdna-agent.provider.null",
      "instances": [
        {
          "index_key": 0,
          "schema_version": 0,
          "attributes": {
            "id": "1075550111966629365",
            "triggers": null
          },
          "private": "bnVsbA==",
          "dependencies": [
            "module.dev_cluster.helm_release.ibmcloud_config",
            "module.dev_cluster.ibm_container_cluster.create_cluster",
            "module.dev_cluster.null_resource.create_cluster_config_dir",
            "module.dev_cluster.null_resource.create_registry_namespace",
            "module.dev_cluster.null_resource.delete_ibmcloud_chart",
            "module.dev_cluster.null_resource.ibmcloud_login",
            "module.dev_cluster.null_resource.oc_login",
            "module.dev_cluster.null_resource.setup_kube_config",
            "module.dev_serviceaccount_logdna-agent.kubernetes_namespace.create",
            "module.dev_serviceaccount_logdna-agent.kubernetes_service_account.create",
            "module.dev_serviceaccount_logdna-agent.null_resource.delete_serviceaccount",
            "module.dev_sre_namespace.kubernetes_namespace.releases",
            "module.dev_sre_namespace.kubernetes_namespace.tools",
            "module.dev_sre_namespace.null_resource.copy_apikey_secret",
            "module.dev_sre_namespace.null_resource.copy_cloud_configmap",
            "module.dev_sre_namespace.null_resource.create_pull_secrets",
            "module.dev_sre_namespace.null_resource.delete_tools_namespace"
          ]
        }
      ]
    },
    {
      "module": "module.dev_tools_argocd_release",
      "mode": "managed",
      "type": "null_resource",
      "name": "argocd_release",
      "provider": "provider.null",
      "instances": [
        {
          "schema_version": 0,
          "attributes": {
            "id": "4548261191919085597",
            "triggers": {
              "kubeconfig_iks": "/home/devops/.kube/config",
              "releases_namespace": "tools"
            }
          },
          "private": "bnVsbA==",
          "dependencies": [
            "module.dev_cluster.helm_release.ibmcloud_config",
            "module.dev_cluster.ibm_container_cluster.create_cluster",
            "module.dev_cluster.null_resource.create_cluster_config_dir",
            "module.dev_cluster.null_resource.create_registry_namespace",
            "module.dev_cluster.null_resource.delete_ibmcloud_chart",
            "module.dev_cluster.null_resource.ibmcloud_login",
            "module.dev_cluster.null_resource.oc_login",
            "module.dev_cluster.null_resource.setup_kube_config",
            "module.dev_cluster_namespaces.kubernetes_namespace.releases",
            "module.dev_cluster_namespaces.kubernetes_namespace.tools",
            "module.dev_cluster_namespaces.null_resource.copy_apikey_secret",
            "module.dev_cluster_namespaces.null_resource.copy_cloud_configmap",
            "module.dev_cluster_namespaces.null_resource.create_pull_secrets",
            "module.dev_cluster_namespaces.null_resource.delete_release_namespaces",
            "module.dev_cluster_namespaces.null_resource.delete_tools_namespace"
          ]
        }
      ]
    },
    {
      "module": "module.dev_tools_artifactory_release",
      "mode": "managed",
      "type": "null_resource",
      "name": "artifactory_release",
      "provider": "provider.null",
      "instances": [
        {
          "schema_version": 0,
          "attributes": {
            "id": "1683184856767761710",
            "triggers": {
              "kubeconfig_iks": "/home/devops/.kube/config",
              "releases_namespace": "tools"
            }
          },
          "private": "bnVsbA==",
          "dependencies": [
            "module.dev_cluster.helm_release.ibmcloud_config",
            "module.dev_cluster.ibm_container_cluster.create_cluster",
            "module.dev_cluster.null_resource.create_cluster_config_dir",
            "module.dev_cluster.null_resource.create_registry_namespace",
            "module.dev_cluster.null_resource.delete_ibmcloud_chart",
            "module.dev_cluster.null_resource.ibmcloud_login",
            "module.dev_cluster.null_resource.oc_login",
            "module.dev_cluster.null_resource.setup_kube_config",
            "module.dev_cluster_namespaces.kubernetes_namespace.releases",
            "module.dev_cluster_namespaces.kubernetes_namespace.tools",
            "module.dev_cluster_namespaces.null_resource.copy_apikey_secret",
            "module.dev_cluster_namespaces.null_resource.copy_cloud_configmap",
            "module.dev_cluster_namespaces.null_resource.create_pull_secrets",
            "module.dev_cluster_namespaces.null_resource.delete_release_namespaces",
            "module.dev_cluster_namespaces.null_resource.delete_tools_namespace",
            "module.dev_serviceaccount_artifactory.null_resource.add_ssc_openshift",
            "module.dev_serviceaccount_artifactory.null_resource.create_serviceaccount",
            "module.dev_serviceaccount_artifactory.null_resource.delete_serviceaccount"
          ]
        }
      ]
    },
    {
      "module": "module.dev_tools_dashboard_release",
      "mode": "managed",
      "type": "null_resource",
      "name": "catalystdashboard_release",
      "provider": "provider.null",
      "instances": [
        {
          "schema_version": 0,
          "attributes": {
            "id": "1591673930250371001",
            "triggers": {
              "kubeconfig_iks": "/home/devops/.kube/config",
              "releases_namespace": "tools"
            }
          },
          "private": "bnVsbA==",
          "dependencies": [
            "module.dev_cluster.helm_release.ibmcloud_config",
            "module.dev_cluster.ibm_container_cluster.create_cluster",
            "module.dev_cluster.null_resource.create_cluster_config_dir",
            "module.dev_cluster.null_resource.create_registry_namespace",
            "module.dev_cluster.null_resource.delete_ibmcloud_chart",
            "module.dev_cluster.null_resource.ibmcloud_login",
            "module.dev_cluster.null_resource.oc_login",
            "module.dev_cluster.null_resource.setup_kube_config",
            "module.dev_cluster_namespaces.kubernetes_namespace.releases",
            "module.dev_cluster_namespaces.kubernetes_namespace.tools",
            "module.dev_cluster_namespaces.null_resource.copy_apikey_secret",
            "module.dev_cluster_namespaces.null_resource.copy_cloud_configmap",
            "module.dev_cluster_namespaces.null_resource.create_pull_secrets",
            "module.dev_cluster_namespaces.null_resource.delete_release_namespaces",
            "module.dev_cluster_namespaces.null_resource.delete_tools_namespace"
          ]
        }
      ]
    },
    {
      "module": "module.dev_cluster_namespaces",
      "mode": "managed",
      "type": "null_resource",
      "name": "copy_apikey_secret",
      "each": "list",
      "provider": "module.dev_cluster_namespaces.provider.null",
      "instances": [
        {
          "index_key": 0,
          "schema_version": 0,
          "attributes": {
            "id": "7462487669838912747",
            "triggers": null
          },
          "private": "bnVsbA==",
          "dependencies": [
            "module.dev_cluster.helm_release.ibmcloud_config",
            "module.dev_cluster.ibm_container_cluster.create_cluster",
            "module.dev_cluster.null_resource.create_cluster_config_dir",
            "module.dev_cluster.null_resource.create_registry_namespace",
            "module.dev_cluster.null_resource.delete_ibmcloud_chart",
            "module.dev_cluster.null_resource.ibmcloud_login",
            "module.dev_cluster.null_resource.oc_login",
            "module.dev_cluster.null_resource.setup_kube_config",
            "module.dev_cluster_namespaces.kubernetes_namespace.releases",
            "module.dev_cluster_namespaces.kubernetes_namespace.tools",
            "module.dev_cluster_namespaces.null_resource.delete_release_namespaces",
            "module.dev_cluster_namespaces.null_resource.delete_tools_namespace"
          ]
        },
        {
          "index_key": 1,
          "schema_version": 0,
          "attributes": {
            "id": "5878308464726666587",
            "triggers": null
          },
          "private": "bnVsbA==",
          "dependencies": [
            "module.dev_cluster.helm_release.ibmcloud_config",
            "module.dev_cluster.ibm_container_cluster.create_cluster",
            "module.dev_cluster.null_resource.create_cluster_config_dir",
            "module.dev_cluster.null_resource.create_registry_namespace",
            "module.dev_cluster.null_resource.delete_ibmcloud_chart",
            "module.dev_cluster.null_resource.ibmcloud_login",
            "module.dev_cluster.null_resource.oc_login",
            "module.dev_cluster.null_resource.setup_kube_config",
            "module.dev_cluster_namespaces.kubernetes_namespace.releases",
            "module.dev_cluster_namespaces.kubernetes_namespace.tools",
            "module.dev_cluster_namespaces.null_resource.delete_release_namespaces",
            "module.dev_cluster_namespaces.null_resource.delete_tools_namespace"
          ]
        },
        {
          "index_key": 2,
          "schema_version": 0,
          "attributes": {
            "id": "9085957632986576148",
            "triggers": null
          },
          "private": "bnVsbA==",
          "dependencies": [
            "module.dev_cluster.helm_release.ibmcloud_config",
            "module.dev_cluster.ibm_container_cluster.create_cluster",
            "module.dev_cluster.null_resource.create_cluster_config_dir",
            "module.dev_cluster.null_resource.create_registry_namespace",
            "module.dev_cluster.null_resource.delete_ibmcloud_chart",
            "module.dev_cluster.null_resource.ibmcloud_login",
            "module.dev_cluster.null_resource.oc_login",
            "module.dev_cluster.null_resource.setup_kube_config",
            "module.dev_cluster_namespaces.kubernetes_namespace.releases",
            "module.dev_cluster_namespaces.kubernetes_namespace.tools",
            "module.dev_cluster_namespaces.null_resource.delete_release_namespaces",
            "module.dev_cluster_namespaces.null_resource.delete_tools_namespace"
          ]
        },
        {
          "index_key": 3,
          "schema_version": 0,
          "attributes": {
            "id": "740190183587118128",
            "triggers": null
          },
          "private": "bnVsbA==",
          "dependencies": [
            "module.dev_cluster.helm_release.ibmcloud_config",
            "module.dev_cluster.ibm_container_cluster.create_cluster",
            "module.dev_cluster.null_resource.create_cluster_config_dir",
            "module.dev_cluster.null_resource.create_registry_namespace",
            "module.dev_cluster.null_resource.delete_ibmcloud_chart",
            "module.dev_cluster.null_resource.ibmcloud_login",
            "module.dev_cluster.null_resource.oc_login",
            "module.dev_cluster.null_resource.setup_kube_config",
            "module.dev_cluster_namespaces.kubernetes_namespace.releases",
            "module.dev_cluster_namespaces.kubernetes_namespace.tools",
            "module.dev_cluster_namespaces.null_resource.delete_release_namespaces",
            "module.dev_cluster_namespaces.null_resource.delete_tools_namespace"
          ]
        }
      ]
    },
    {
      "module": "module.dev_sre_namespace",
      "mode": "managed",
      "type": "null_resource",
      "name": "copy_apikey_secret",
      "each": "list",
      "provider": "module.dev_sre_namespace.provider.null",
      "instances": [
        {
          "index_key": 0,
          "schema_version": 0,
          "attributes": {
            "id": "4548261191919085597",
            "triggers": null
          },
          "private": "bnVsbA==",
          "dependencies": [
            "module.dev_cluster.helm_release.ibmcloud_config",
            "module.dev_cluster.ibm_container_cluster.create_cluster",
            "module.dev_cluster.null_resource.create_cluster_config_dir",
            "module.dev_cluster.null_resource.create_registry_namespace",
            "module.dev_cluster.null_resource.delete_ibmcloud_chart",
            "module.dev_cluster.null_resource.ibmcloud_login",
            "module.dev_cluster.null_resource.oc_login",
            "module.dev_cluster.null_resource.setup_kube_config",
            "module.dev_sre_namespace.kubernetes_namespace.releases",
            "module.dev_sre_namespace.kubernetes_namespace.tools",
            "module.dev_sre_namespace.null_resource.delete_tools_namespace"
          ]
        }
      ]
    },
    {
      "module": "module.dev_cluster_namespaces",
      "mode": "managed",
      "type": "null_resource",
      "name": "copy_cloud_configmap",
      "each": "list",
      "provider": "module.dev_cluster_namespaces.provider.null",
      "instances": [
        {
          "index_key": 0,
          "schema_version": 0,
          "attributes": {
            "id": "1812427445809273238",
            "triggers": null
          },
          "private": "bnVsbA==",
          "dependencies": [
            "module.dev_cluster.helm_release.ibmcloud_config",
            "module.dev_cluster.ibm_container_cluster.create_cluster",
            "module.dev_cluster.null_resource.create_cluster_config_dir",
            "module.dev_cluster.null_resource.create_registry_namespace",
            "module.dev_cluster.null_resource.delete_ibmcloud_chart",
            "module.dev_cluster.null_resource.ibmcloud_login",
            "module.dev_cluster.null_resource.oc_login",
            "module.dev_cluster.null_resource.setup_kube_config",
            "module.dev_cluster_namespaces.kubernetes_namespace.releases",
            "module.dev_cluster_namespaces.kubernetes_namespace.tools",
            "module.dev_cluster_namespaces.null_resource.delete_release_namespaces",
            "module.dev_cluster_namespaces.null_resource.delete_tools_namespace"
          ]
        },
        {
          "index_key": 1,
          "schema_version": 0,
          "attributes": {
            "id": "1683184856767761710",
            "triggers": null
          },
          "private": "bnVsbA==",
          "dependencies": [
            "module.dev_cluster.helm_release.ibmcloud_config",
            "module.dev_cluster.ibm_container_cluster.create_cluster",
            "module.dev_cluster.null_resource.create_cluster_config_dir",
            "module.dev_cluster.null_resource.create_registry_namespace",
            "module.dev_cluster.null_resource.delete_ibmcloud_chart",
            "module.dev_cluster.null_resource.ibmcloud_login",
            "module.dev_cluster.null_resource.oc_login",
            "module.dev_cluster.null_resource.setup_kube_config",
            "module.dev_cluster_namespaces.kubernetes_namespace.releases",
            "module.dev_cluster_namespaces.kubernetes_namespace.tools",
            "module.dev_cluster_namespaces.null_resource.delete_release_namespaces",
            "module.dev_cluster_namespaces.null_resource.delete_tools_namespace"
          ]
        },
        {
          "index_key": 2,
          "schema_version": 0,
          "attributes": {
            "id": "1114461158077942975",
            "triggers": null
          },
          "private": "bnVsbA==",
          "dependencies": [
            "module.dev_cluster.helm_release.ibmcloud_config",
            "module.dev_cluster.ibm_container_cluster.create_cluster",
            "module.dev_cluster.null_resource.create_cluster_config_dir",
            "module.dev_cluster.null_resource.create_registry_namespace",
            "module.dev_cluster.null_resource.delete_ibmcloud_chart",
            "module.dev_cluster.null_resource.ibmcloud_login",
            "module.dev_cluster.null_resource.oc_login",
            "module.dev_cluster.null_resource.setup_kube_config",
            "module.dev_cluster_namespaces.kubernetes_namespace.releases",
            "module.dev_cluster_namespaces.kubernetes_namespace.tools",
            "module.dev_cluster_namespaces.null_resource.delete_release_namespaces",
            "module.dev_cluster_namespaces.null_resource.delete_tools_namespace"
          ]
        },
        {
          "index_key": 3,
          "schema_version": 0,
          "attributes": {
            "id": "7300231206900530044",
            "triggers": null
          },
          "private": "bnVsbA==",
          "dependencies": [
            "module.dev_cluster.helm_release.ibmcloud_config",
            "module.dev_cluster.ibm_container_cluster.create_cluster",
            "module.dev_cluster.null_resource.create_cluster_config_dir",
            "module.dev_cluster.null_resource.create_registry_namespace",
            "module.dev_cluster.null_resource.delete_ibmcloud_chart",
            "module.dev_cluster.null_resource.ibmcloud_login",
            "module.dev_cluster.null_resource.oc_login",
            "module.dev_cluster.null_resource.setup_kube_config",
            "module.dev_cluster_namespaces.kubernetes_namespace.releases",
            "module.dev_cluster_namespaces.kubernetes_namespace.tools",
            "module.dev_cluster_namespaces.null_resource.delete_release_namespaces",
            "module.dev_cluster_namespaces.null_resource.delete_tools_namespace"
          ]
        }
      ]
    },
    {
      "module": "module.dev_tools_tekton_release",
      "mode": "managed",
      "type": "null_resource",
      "name": "copy_cloud_configmap",
      "provider": "module.dev_tools_tekton_release.provider.null",
      "instances": [
        {
          "schema_version": 0,
          "attributes": {
            "id": "6323326503653659521",
            "triggers": {
              "dashboard_namespace": "tekton-pipelines",
              "kubeconfig": "/home/devops/.kube/config",
              "tools_namespace": "tools"
            }
          },
          "private": "bnVsbA==",
          "dependencies": [
            "module.dev_cluster.helm_release.ibmcloud_config",
            "module.dev_cluster.ibm_container_cluster.create_cluster",
            "module.dev_cluster.null_resource.create_cluster_config_dir",
            "module.dev_cluster.null_resource.create_registry_namespace",
            "module.dev_cluster.null_resource.delete_ibmcloud_chart",
            "module.dev_cluster.null_resource.ibmcloud_login",
            "module.dev_cluster.null_resource.oc_login",
            "module.dev_cluster.null_resource.setup_kube_config",
            "module.dev_cluster_namespaces.kubernetes_namespace.releases",
            "module.dev_cluster_namespaces.kubernetes_namespace.tools",
            "module.dev_cluster_namespaces.null_resource.copy_apikey_secret",
            "module.dev_cluster_namespaces.null_resource.copy_cloud_configmap",
            "module.dev_cluster_namespaces.null_resource.create_pull_secrets",
            "module.dev_cluster_namespaces.null_resource.delete_release_namespaces",
            "module.dev_cluster_namespaces.null_resource.delete_tools_namespace",
            "module.dev_tools_tekton_release.null_resource.tekton",
            "module.dev_tools_tekton_release.null_resource.tekton_dashboard"
          ]
        }
      ]
    },
    {
      "module": "module.dev_sre_namespace",
      "mode": "managed",
      "type": "null_resource",
      "name": "copy_cloud_configmap",
      "each": "list",
      "provider": "module.dev_sre_namespace.provider.null",
      "instances": [
        {
          "index_key": 0,
          "schema_version": 0,
          "attributes": {
            "id": "5549112767259353238",
            "triggers": null
          },
          "private": "bnVsbA==",
          "dependencies": [
            "module.dev_cluster.helm_release.ibmcloud_config",
            "module.dev_cluster.ibm_container_cluster.create_cluster",
            "module.dev_cluster.null_resource.create_cluster_config_dir",
            "module.dev_cluster.null_resource.create_registry_namespace",
            "module.dev_cluster.null_resource.delete_ibmcloud_chart",
            "module.dev_cluster.null_resource.ibmcloud_login",
            "module.dev_cluster.null_resource.oc_login",
            "module.dev_cluster.null_resource.setup_kube_config",
            "module.dev_sre_namespace.kubernetes_namespace.releases",
            "module.dev_sre_namespace.kubernetes_namespace.tools",
            "module.dev_sre_namespace.null_resource.delete_tools_namespace"
          ]
        }
      ]
    },
    {
      "module": "module.dev_cluster",
      "mode": "managed",
      "type": "null_resource",
      "name": "create_cluster_config_dir",
      "provider": "module.dev_cluster.provider.null",
      "instances": [
        {
          "schema_version": 0,
          "attributes": {
            "id": "5114237894645753100",
            "triggers": null
          },
          "private": "bnVsbA=="
        }
      ]
    },
    {
      "module": "module.dev_cluster",
      "mode": "managed",
      "type": "null_resource",
      "name": "create_cluster_pull_secret_iks",
      "each": "list",
      "provider": "module.dev_cluster.provider.null",
      "instances": []
    },
    {
      "module": "module.dev_cluster_namespaces",
      "mode": "managed",
      "type": "null_resource",
      "name": "create_pull_secrets",
      "each": "list",
      "provider": "module.dev_cluster_namespaces.provider.null",
      "instances": [
        {
          "index_key": 0,
          "schema_version": 0,
          "attributes": {
            "id": "8252359405501405072",
            "triggers": null
          },
          "private": "bnVsbA==",
          "dependencies": [
            "module.dev_cluster.helm_release.ibmcloud_config",
            "module.dev_cluster.ibm_container_cluster.create_cluster",
            "module.dev_cluster.null_resource.create_cluster_config_dir",
            "module.dev_cluster.null_resource.create_registry_namespace",
            "module.dev_cluster.null_resource.delete_ibmcloud_chart",
            "module.dev_cluster.null_resource.ibmcloud_login",
            "module.dev_cluster.null_resource.oc_login",
            "module.dev_cluster.null_resource.setup_kube_config",
            "module.dev_cluster_namespaces.kubernetes_namespace.releases",
            "module.dev_cluster_namespaces.kubernetes_namespace.tools",
            "module.dev_cluster_namespaces.null_resource.delete_release_namespaces",
            "module.dev_cluster_namespaces.null_resource.delete_tools_namespace"
          ]
        },
        {
          "index_key": 1,
          "schema_version": 0,
          "attributes": {
            "id": "3637455579581355580",
            "triggers": null
          },
          "private": "bnVsbA==",
          "dependencies": [
            "module.dev_cluster.helm_release.ibmcloud_config",
            "module.dev_cluster.ibm_container_cluster.create_cluster",
            "module.dev_cluster.null_resource.create_cluster_config_dir",
            "module.dev_cluster.null_resource.create_registry_namespace",
            "module.dev_cluster.null_resource.delete_ibmcloud_chart",
            "module.dev_cluster.null_resource.ibmcloud_login",
            "module.dev_cluster.null_resource.oc_login",
            "module.dev_cluster.null_resource.setup_kube_config",
            "module.dev_cluster_namespaces.kubernetes_namespace.releases",
            "module.dev_cluster_namespaces.kubernetes_namespace.tools",
            "module.dev_cluster_namespaces.null_resource.delete_release_namespaces",
            "module.dev_cluster_namespaces.null_resource.delete_tools_namespace"
          ]
        },
        {
          "index_key": 2,
          "schema_version": 0,
          "attributes": {
            "id": "8457552459394723048",
            "triggers": null
          },
          "private": "bnVsbA==",
          "dependencies": [
            "module.dev_cluster.helm_release.ibmcloud_config",
            "module.dev_cluster.ibm_container_cluster.create_cluster",
            "module.dev_cluster.null_resource.create_cluster_config_dir",
            "module.dev_cluster.null_resource.create_registry_namespace",
            "module.dev_cluster.null_resource.delete_ibmcloud_chart",
            "module.dev_cluster.null_resource.ibmcloud_login",
            "module.dev_cluster.null_resource.oc_login",
            "module.dev_cluster.null_resource.setup_kube_config",
            "module.dev_cluster_namespaces.kubernetes_namespace.releases",
            "module.dev_cluster_namespaces.kubernetes_namespace.tools",
            "module.dev_cluster_namespaces.null_resource.delete_release_namespaces",
            "module.dev_cluster_namespaces.null_resource.delete_tools_namespace"
          ]
        },
        {
          "index_key": 3,
          "schema_version": 0,
          "attributes": {
            "id": "7968908900633871508",
            "triggers": null
          },
          "private": "bnVsbA==",
          "dependencies": [
            "module.dev_cluster.helm_release.ibmcloud_config",
            "module.dev_cluster.ibm_container_cluster.create_cluster",
            "module.dev_cluster.null_resource.create_cluster_config_dir",
            "module.dev_cluster.null_resource.create_registry_namespace",
            "module.dev_cluster.null_resource.delete_ibmcloud_chart",
            "module.dev_cluster.null_resource.ibmcloud_login",
            "module.dev_cluster.null_resource.oc_login",
            "module.dev_cluster.null_resource.setup_kube_config",
            "module.dev_cluster_namespaces.kubernetes_namespace.releases",
            "module.dev_cluster_namespaces.kubernetes_namespace.tools",
            "module.dev_cluster_namespaces.null_resource.delete_release_namespaces",
            "module.dev_cluster_namespaces.null_resource.delete_tools_namespace"
          ]
        }
      ]
    },
    {
      "module": "module.dev_sre_namespace",
      "mode": "managed",
      "type": "null_resource",
      "name": "create_pull_secrets",
      "each": "list",
      "provider": "module.dev_sre_namespace.provider.null",
      "instances": [
        {
          "index_key": 0,
          "schema_version": 0,
          "attributes": {
            "id": "1591673930250371001",
            "triggers": null
          },
          "private": "bnVsbA==",
          "dependencies": [
            "module.dev_cluster.helm_release.ibmcloud_config",
            "module.dev_cluster.ibm_container_cluster.create_cluster",
            "module.dev_cluster.null_resource.create_cluster_config_dir",
            "module.dev_cluster.null_resource.create_registry_namespace",
            "module.dev_cluster.null_resource.delete_ibmcloud_chart",
            "module.dev_cluster.null_resource.ibmcloud_login",
            "module.dev_cluster.null_resource.oc_login",
            "module.dev_cluster.null_resource.setup_kube_config",
            "module.dev_sre_namespace.kubernetes_namespace.releases",
            "module.dev_sre_namespace.kubernetes_namespace.tools",
            "module.dev_sre_namespace.null_resource.delete_tools_namespace"
          ]
        }
      ]
    },
    {
      "module": "module.dev_cluster",
      "mode": "managed",
      "type": "null_resource",
      "name": "create_registry_namespace",
      "provider": "module.dev_cluster.provider.null",
      "instances": [
        {
          "schema_version": 0,
          "attributes": {
            "id": "2578811894934355877",
            "triggers": null
          },
          "private": "bnVsbA=="
        }
      ]
    },
    {
      "module": "module.dev_serviceaccount_artifactory",
      "mode": "managed",
      "type": "null_resource",
      "name": "create_serviceaccount",
      "provider": "module.dev_serviceaccount_artifactory.provider.null",
      "instances": [
        {
          "schema_version": 0,
          "attributes": {
            "id": "6149657744159816380",
            "triggers": {
              "kubeconfig_iks": "/home/devops/.kube/config",
              "namespace": "tools",
              "service_account": "artifactory-artifactory"
            }
          },
          "private": "bnVsbA==",
          "dependencies": [
            "module.dev_cluster.helm_release.ibmcloud_config",
            "module.dev_cluster.ibm_container_cluster.create_cluster",
            "module.dev_cluster.null_resource.create_cluster_config_dir",
            "module.dev_cluster.null_resource.create_registry_namespace",
            "module.dev_cluster.null_resource.delete_ibmcloud_chart",
            "module.dev_cluster.null_resource.ibmcloud_login",
            "module.dev_cluster.null_resource.oc_login",
            "module.dev_cluster.null_resource.setup_kube_config",
            "module.dev_cluster_namespaces.kubernetes_namespace.releases",
            "module.dev_cluster_namespaces.kubernetes_namespace.tools",
            "module.dev_cluster_namespaces.null_resource.copy_apikey_secret",
            "module.dev_cluster_namespaces.null_resource.copy_cloud_configmap",
            "module.dev_cluster_namespaces.null_resource.create_pull_secrets",
            "module.dev_cluster_namespaces.null_resource.delete_release_namespaces",
            "module.dev_cluster_namespaces.null_resource.delete_tools_namespace",
            "module.dev_serviceaccount_artifactory.null_resource.delete_serviceaccount"
          ]
        }
      ]
    },
    {
      "module": "module.dev_infrastructure_sysdig",
      "mode": "managed",
      "type": "null_resource",
      "name": "create_sysdig_agent",
      "provider": "module.dev_infrastructure_sysdig.provider.null",
      "instances": [
        {
          "schema_version": 0,
          "attributes": {
            "id": "5853379410582729535",
            "triggers": {
              "kubeconfig": "/home/devops/.kube/config"
            }
          },
          "private": "bnVsbA==",
          "dependencies": [
            "module.dev_cluster.helm_release.ibmcloud_config",
            "module.dev_cluster.ibm_container_cluster.create_cluster",
            "module.dev_cluster.null_resource.create_cluster_config_dir",
            "module.dev_cluster.null_resource.create_registry_namespace",
            "module.dev_cluster.null_resource.delete_ibmcloud_chart",
            "module.dev_cluster.null_resource.ibmcloud_login",
            "module.dev_cluster.null_resource.oc_login",
            "module.dev_cluster.null_resource.setup_kube_config",
            "module.dev_infrastructure_sysdig.ibm_resource_instance.sysdig_instance",
            "module.dev_infrastructure_sysdig.ibm_resource_key.sysdig_instance_key",
            "module.dev_sre_namespace.kubernetes_namespace.releases",
            "module.dev_sre_namespace.kubernetes_namespace.tools",
            "module.dev_sre_namespace.null_resource.copy_apikey_secret",
            "module.dev_sre_namespace.null_resource.copy_cloud_configmap",
            "module.dev_sre_namespace.null_resource.create_pull_secrets",
            "module.dev_sre_namespace.null_resource.delete_tools_namespace"
          ]
        }
      ]
    },
    {
      "module": "module.dev_cluster",
      "mode": "managed",
      "type": "null_resource",
      "name": "delete_ibmcloud_chart",
      "provider": "module.dev_cluster.provider.null",
      "instances": [
        {
          "schema_version": 0,
          "attributes": {
            "id": "7195404464588459598",
            "triggers": null
          },
          "private": "bnVsbA==",
          "dependencies": [
            "module.dev_cluster.ibm_container_cluster.create_cluster",
            "module.dev_cluster.null_resource.oc_login",
            "module.dev_cluster.null_resource.setup_kube_config"
          ]
        }
      ]
    },
    {
      "module": "module.dev_serviceaccount_sonarqube",
      "mode": "managed",
      "type": "null_resource",
      "name": "delete_namespace",
      "each": "list",
      "provider": "module.dev_serviceaccount_sonarqube.provider.null",
      "instances": []
    },
    {
      "module": "module.dev_serviceaccount_logdna-agent",
      "mode": "managed",
      "type": "null_resource",
      "name": "delete_namespace",
      "each": "list",
      "provider": "module.dev_serviceaccount_logdna-agent.provider.null",
      "instances": []
    },
    {
      "module": "module.dev_cluster_namespaces",
      "mode": "managed",
      "type": "null_resource",
      "name": "delete_release_namespaces",
      "each": "list",
      "provider": "module.dev_cluster_namespaces.provider.null",
      "instances": [
        {
          "index_key": 0,
          "schema_version": 0,
          "attributes": {
            "id": "5549112767259353238",
            "triggers": null
          },
          "private": "bnVsbA==",
          "dependencies": [
            "module.dev_cluster.helm_release.ibmcloud_config",
            "module.dev_cluster.ibm_container_cluster.create_cluster",
            "module.dev_cluster.null_resource.create_cluster_config_dir",
            "module.dev_cluster.null_resource.create_registry_namespace",
            "module.dev_cluster.null_resource.delete_ibmcloud_chart",
            "module.dev_cluster.null_resource.ibmcloud_login",
            "module.dev_cluster.null_resource.oc_login",
            "module.dev_cluster.null_resource.setup_kube_config"
          ]
        },
        {
          "index_key": 1,
          "schema_version": 0,
          "attributes": {
            "id": "1591673930250371001",
            "triggers": null
          },
          "private": "bnVsbA==",
          "dependencies": [
            "module.dev_cluster.helm_release.ibmcloud_config",
            "module.dev_cluster.ibm_container_cluster.create_cluster",
            "module.dev_cluster.null_resource.create_cluster_config_dir",
            "module.dev_cluster.null_resource.create_registry_namespace",
            "module.dev_cluster.null_resource.delete_ibmcloud_chart",
            "module.dev_cluster.null_resource.ibmcloud_login",
            "module.dev_cluster.null_resource.oc_login",
            "module.dev_cluster.null_resource.setup_kube_config"
          ]
        },
        {
          "index_key": 2,
          "schema_version": 0,
          "attributes": {
            "id": "4548261191919085597",
            "triggers": null
          },
          "private": "bnVsbA==",
          "dependencies": [
            "module.dev_cluster.helm_release.ibmcloud_config",
            "module.dev_cluster.ibm_container_cluster.create_cluster",
            "module.dev_cluster.null_resource.create_cluster_config_dir",
            "module.dev_cluster.null_resource.create_registry_namespace",
            "module.dev_cluster.null_resource.delete_ibmcloud_chart",
            "module.dev_cluster.null_resource.ibmcloud_login",
            "module.dev_cluster.null_resource.oc_login",
            "module.dev_cluster.null_resource.setup_kube_config"
          ]
        }
      ]
    },
    {
      "module": "module.dev_sre_namespace",
      "mode": "managed",
      "type": "null_resource",
      "name": "delete_release_namespaces",
      "each": "list",
      "provider": "module.dev_sre_namespace.provider.null",
      "instances": []
    },
    {
      "module": "module.dev_serviceaccount_sonarqube",
      "mode": "managed",
      "type": "null_resource",
      "name": "delete_serviceaccount",
      "provider": "module.dev_serviceaccount_sonarqube.provider.null",
      "instances": [
        {
          "schema_version": 0,
          "attributes": {
            "id": "5853379410582729535",
            "triggers": null
          },
          "private": "bnVsbA==",
          "dependencies": [
            "module.dev_cluster.helm_release.ibmcloud_config",
            "module.dev_cluster.ibm_container_cluster.create_cluster",
            "module.dev_cluster.null_resource.create_cluster_config_dir",
            "module.dev_cluster.null_resource.create_registry_namespace",
            "module.dev_cluster.null_resource.delete_ibmcloud_chart",
            "module.dev_cluster.null_resource.ibmcloud_login",
            "module.dev_cluster.null_resource.oc_login",
            "module.dev_cluster.null_resource.setup_kube_config",
            "module.dev_cluster_namespaces.kubernetes_namespace.releases",
            "module.dev_cluster_namespaces.kubernetes_namespace.tools",
            "module.dev_cluster_namespaces.null_resource.copy_apikey_secret",
            "module.dev_cluster_namespaces.null_resource.copy_cloud_configmap",
            "module.dev_cluster_namespaces.null_resource.create_pull_secrets",
            "module.dev_cluster_namespaces.null_resource.delete_release_namespaces",
            "module.dev_cluster_namespaces.null_resource.delete_tools_namespace",
            "module.dev_serviceaccount_sonarqube.kubernetes_namespace.create"
          ]
        }
      ]
    },
    {
      "module": "module.dev_serviceaccount_artifactory",
      "mode": "managed",
      "type": "null_resource",
      "name": "delete_serviceaccount",
      "provider": "module.dev_serviceaccount_artifactory.provider.null",
      "instances": [
        {
          "schema_version": 0,
          "attributes": {
            "id": "757143026027538025",
            "triggers": null
          },
          "private": "bnVsbA==",
          "dependencies": [
            "module.dev_cluster.helm_release.ibmcloud_config",
            "module.dev_cluster.ibm_container_cluster.create_cluster",
            "module.dev_cluster.null_resource.create_cluster_config_dir",
            "module.dev_cluster.null_resource.create_registry_namespace",
            "module.dev_cluster.null_resource.delete_ibmcloud_chart",
            "module.dev_cluster.null_resource.ibmcloud_login",
            "module.dev_cluster.null_resource.oc_login",
            "module.dev_cluster.null_resource.setup_kube_config",
            "module.dev_cluster_namespaces.kubernetes_namespace.releases",
            "module.dev_cluster_namespaces.kubernetes_namespace.tools",
            "module.dev_cluster_namespaces.null_resource.copy_apikey_secret",
            "module.dev_cluster_namespaces.null_resource.copy_cloud_configmap",
            "module.dev_cluster_namespaces.null_resource.create_pull_secrets",
            "module.dev_cluster_namespaces.null_resource.delete_release_namespaces",
            "module.dev_cluster_namespaces.null_resource.delete_tools_namespace"
          ]
        }
      ]
    },
    {
      "module": "module.dev_serviceaccount_logdna-agent",
      "mode": "managed",
      "type": "null_resource",
      "name": "delete_serviceaccount",
      "provider": "module.dev_serviceaccount_logdna-agent.provider.null",
      "instances": [
        {
          "schema_version": 0,
          "attributes": {
            "id": "5853379410582729535",
            "triggers": null
          },
          "private": "bnVsbA==",
          "dependencies": [
            "module.dev_cluster.helm_release.ibmcloud_config",
            "module.dev_cluster.ibm_container_cluster.create_cluster",
            "module.dev_cluster.null_resource.create_cluster_config_dir",
            "module.dev_cluster.null_resource.create_registry_namespace",
            "module.dev_cluster.null_resource.delete_ibmcloud_chart",
            "module.dev_cluster.null_resource.ibmcloud_login",
            "module.dev_cluster.null_resource.oc_login",
            "module.dev_cluster.null_resource.setup_kube_config",
            "module.dev_serviceaccount_logdna-agent.kubernetes_namespace.create",
            "module.dev_sre_namespace.kubernetes_namespace.releases",
            "module.dev_sre_namespace.kubernetes_namespace.tools",
            "module.dev_sre_namespace.null_resource.copy_apikey_secret",
            "module.dev_sre_namespace.null_resource.copy_cloud_configmap",
            "module.dev_sre_namespace.null_resource.create_pull_secrets",
            "module.dev_sre_namespace.null_resource.delete_tools_namespace"
          ]
        }
      ]
    },
    {
      "module": "module.dev_cluster_namespaces",
      "mode": "managed",
      "type": "null_resource",
      "name": "delete_tools_namespace",
      "provider": "module.dev_cluster_namespaces.provider.null",
      "instances": [
        {
          "schema_version": 0,
          "attributes": {
            "id": "1782959592000713756",
            "triggers": null
          },
          "private": "bnVsbA==",
          "dependencies": [
            "module.dev_cluster.helm_release.ibmcloud_config",
            "module.dev_cluster.ibm_container_cluster.create_cluster",
            "module.dev_cluster.null_resource.create_cluster_config_dir",
            "module.dev_cluster.null_resource.create_registry_namespace",
            "module.dev_cluster.null_resource.delete_ibmcloud_chart",
            "module.dev_cluster.null_resource.ibmcloud_login",
            "module.dev_cluster.null_resource.oc_login",
            "module.dev_cluster.null_resource.setup_kube_config"
          ]
        }
      ]
    },
    {
      "module": "module.dev_sre_namespace",
      "mode": "managed",
      "type": "null_resource",
      "name": "delete_tools_namespace",
      "provider": "module.dev_sre_namespace.provider.null",
      "instances": [
        {
          "schema_version": 0,
          "attributes": {
            "id": "1782959592000713756",
            "triggers": null
          },
          "private": "bnVsbA==",
          "dependencies": [
            "module.dev_cluster.helm_release.ibmcloud_config",
            "module.dev_cluster.ibm_container_cluster.create_cluster",
            "module.dev_cluster.null_resource.create_cluster_config_dir",
            "module.dev_cluster.null_resource.create_registry_namespace",
            "module.dev_cluster.null_resource.delete_ibmcloud_chart",
            "module.dev_cluster.null_resource.ibmcloud_login",
            "module.dev_cluster.null_resource.oc_login",
            "module.dev_cluster.null_resource.setup_kube_config"
          ]
        }
      ]
    },
    {
      "module": "module.dev_cluster",
      "mode": "managed",
      "type": "null_resource",
      "name": "get_cluster_version",
      "provider": "module.dev_cluster.provider.null",
      "instances": [
        {
          "schema_version": 0,
          "attributes": {
            "id": "2602039462819491794",
            "triggers": null
          },
          "private": "bnVsbA==",
          "dependencies": [
            "module.dev_cluster.ibm_container_cluster.create_cluster",
            "module.dev_cluster.null_resource.create_cluster_config_dir",
            "module.dev_cluster.null_resource.ibmcloud_login"
          ]
        }
      ]
    },
    {
      "module": "module.dev_cluster",
      "mode": "managed",
      "type": "null_resource",
      "name": "ibmcloud_login",
      "provider": "module.dev_cluster.provider.null",
      "instances": [
        {
          "schema_version": 0,
          "attributes": {
            "id": "6323326503653659521",
            "triggers": null
          },
          "private": "bnVsbA=="
        }
      ]
    },
    {
      "module": "module.dev_tools_jenkins_release",
      "mode": "managed",
      "type": "null_resource",
      "name": "jenkins_release_iks",
      "each": "list",
      "provider": "module.dev_tools_jenkins_release.provider.null",
      "instances": []
    },
    {
      "module": "module.dev_tools_jenkins_release",
      "mode": "managed",
      "type": "null_resource",
      "name": "jenkins_release_openshift",
      "each": "list",
      "provider": "module.dev_tools_jenkins_release.provider.null",
      "instances": [
        {
          "index_key": 0,
          "schema_version": 0,
          "attributes": {
            "id": "757143026027538025",
            "triggers": {
              "ci_namespace": "dev",
              "tools_namespace": "tools"
            }
          },
          "private": "bnVsbA==",
          "dependencies": [
            "module.dev_cluster.helm_release.ibmcloud_config",
            "module.dev_cluster.ibm_container_cluster.create_cluster",
            "module.dev_cluster.null_resource.create_cluster_config_dir",
            "module.dev_cluster.null_resource.create_registry_namespace",
            "module.dev_cluster.null_resource.delete_ibmcloud_chart",
            "module.dev_cluster.null_resource.ibmcloud_login",
            "module.dev_cluster.null_resource.oc_login",
            "module.dev_cluster.null_resource.setup_kube_config",
            "module.dev_cluster_namespaces.kubernetes_namespace.releases",
            "module.dev_cluster_namespaces.kubernetes_namespace.tools",
            "module.dev_cluster_namespaces.null_resource.copy_apikey_secret",
            "module.dev_cluster_namespaces.null_resource.copy_cloud_configmap",
            "module.dev_cluster_namespaces.null_resource.create_pull_secrets",
            "module.dev_cluster_namespaces.null_resource.delete_release_namespaces",
            "module.dev_cluster_namespaces.null_resource.delete_tools_namespace"
          ]
        }
      ]
    },
    {
      "module": "module.dev_infrastructure_logdna",
      "mode": "managed",
      "type": "null_resource",
      "name": "logdna_bind",
      "provider": "module.dev_infrastructure_logdna.provider.null",
      "instances": [
        {
          "schema_version": 0,
          "attributes": {
            "id": "5853379410582729535",
            "triggers": {
              "KUBECONFIG": "/home/devops/.kube/config",
              "namespace": "ibm-observe"
            }
          },
          "private": "bnVsbA==",
          "dependencies": [
            "module.dev_cluster.helm_release.ibmcloud_config",
            "module.dev_cluster.ibm_container_cluster.create_cluster",
            "module.dev_cluster.null_resource.create_cluster_config_dir",
            "module.dev_cluster.null_resource.create_registry_namespace",
            "module.dev_cluster.null_resource.delete_ibmcloud_chart",
            "module.dev_cluster.null_resource.ibmcloud_login",
            "module.dev_cluster.null_resource.oc_login",
            "module.dev_cluster.null_resource.setup_kube_config",
            "module.dev_infrastructure_logdna.ibm_resource_instance.logdna_instance",
            "module.dev_infrastructure_logdna.ibm_resource_key.logdna_instance_key",
            "module.dev_serviceaccount_logdna-agent.kubernetes_namespace.create",
            "module.dev_serviceaccount_logdna-agent.kubernetes_service_account.create",
            "module.dev_serviceaccount_logdna-agent.null_resource.add_ssc_openshift",
            "module.dev_serviceaccount_logdna-agent.null_resource.delete_serviceaccount",
            "module.dev_sre_namespace.kubernetes_namespace.releases",
            "module.dev_sre_namespace.kubernetes_namespace.tools",
            "module.dev_sre_namespace.null_resource.copy_apikey_secret",
            "module.dev_sre_namespace.null_resource.copy_cloud_configmap",
            "module.dev_sre_namespace.null_resource.create_pull_secrets",
            "module.dev_sre_namespace.null_resource.delete_tools_namespace"
          ]
        }
      ]
    },
    {
      "module": "module.dev_cluster",
      "mode": "managed",
      "type": "null_resource",
      "name": "oc_login",
      "each": "list",
      "provider": "module.dev_cluster.provider.null",
      "instances": [
        {
          "index_key": 0,
          "schema_version": 0,
          "attributes": {
            "id": "6393405707157857361",
            "triggers": null
          },
          "private": "bnVsbA==",
          "dependencies": [
            "module.dev_cluster.ibm_container_cluster.create_cluster"
          ]
        }
      ]
    },
    {
      "module": "module.dev_tools_pactbroker_release",
      "mode": "managed",
      "type": "null_resource",
      "name": "pactbroker_release",
      "provider": "provider.null",
      "instances": [
        {
          "schema_version": 0,
          "attributes": {
            "id": "1782959592000713756",
            "triggers": {
              "kubeconfig_iks": "/home/devops/.kube/config",
              "releases_namespace": "tools"
            }
          },
          "private": "bnVsbA==",
          "dependencies": [
            "module.dev_cluster.helm_release.ibmcloud_config",
            "module.dev_cluster.ibm_container_cluster.create_cluster",
            "module.dev_cluster.null_resource.create_cluster_config_dir",
            "module.dev_cluster.null_resource.create_registry_namespace",
            "module.dev_cluster.null_resource.delete_ibmcloud_chart",
            "module.dev_cluster.null_resource.ibmcloud_login",
            "module.dev_cluster.null_resource.oc_login",
            "module.dev_cluster.null_resource.setup_kube_config",
            "module.dev_cluster_namespaces.kubernetes_namespace.releases",
            "module.dev_cluster_namespaces.kubernetes_namespace.tools",
            "module.dev_cluster_namespaces.null_resource.copy_apikey_secret",
            "module.dev_cluster_namespaces.null_resource.copy_cloud_configmap",
            "module.dev_cluster_namespaces.null_resource.create_pull_secrets",
            "module.dev_cluster_namespaces.null_resource.delete_release_namespaces",
            "module.dev_cluster_namespaces.null_resource.delete_tools_namespace"
          ]
        }
      ]
    },
    {
      "module": "module.dev_cluster",
      "mode": "managed",
      "type": "null_resource",
      "name": "setup_kube_config",
      "each": "list",
      "provider": "module.dev_cluster.provider.null",
      "instances": []
    },
    {
      "module": "module.dev_tools_sonarqube_release",
      "mode": "managed",
      "type": "null_resource",
      "name": "sonarqube_release",
      "provider": "module.dev_tools_sonarqube_release.provider.null",
      "instances": [
        {
          "schema_version": 0,
          "attributes": {
            "id": "757143026027538025",
            "triggers": {
              "kubeconfig_iks": "/home/devops/.kube/config",
              "releases_namespace": "tools"
            }
          },
          "private": "bnVsbA==",
          "dependencies": [
            "module.dev_cluster.helm_release.ibmcloud_config",
            "module.dev_cluster.ibm_container_cluster.create_cluster",
            "module.dev_cluster.null_resource.create_cluster_config_dir",
            "module.dev_cluster.null_resource.create_registry_namespace",
            "module.dev_cluster.null_resource.delete_ibmcloud_chart",
            "module.dev_cluster.null_resource.ibmcloud_login",
            "module.dev_cluster.null_resource.oc_login",
            "module.dev_cluster.null_resource.setup_kube_config",
            "module.dev_cluster_namespaces.kubernetes_namespace.releases",
            "module.dev_cluster_namespaces.kubernetes_namespace.tools",
            "module.dev_cluster_namespaces.null_resource.copy_apikey_secret",
            "module.dev_cluster_namespaces.null_resource.copy_cloud_configmap",
            "module.dev_cluster_namespaces.null_resource.create_pull_secrets",
            "module.dev_cluster_namespaces.null_resource.delete_release_namespaces",
            "module.dev_cluster_namespaces.null_resource.delete_tools_namespace",
            "module.dev_serviceaccount_sonarqube.kubernetes_namespace.create",
            "module.dev_serviceaccount_sonarqube.kubernetes_service_account.create",
            "module.dev_serviceaccount_sonarqube.null_resource.add_ssc_openshift",
            "module.dev_serviceaccount_sonarqube.null_resource.delete_serviceaccount"
          ]
        }
      ]
    },
    {
      "module": "module.dev_tools_swagger_release",
      "mode": "managed",
      "type": "null_resource",
      "name": "swaggereditor_release",
      "provider": "provider.null",
      "instances": [
        {
          "schema_version": 0,
          "attributes": {
            "id": "5549112767259353238",
            "triggers": {
              "kubeconfig": "/home/devops/.kube/config",
              "name": "swaggereditor-dashboard",
              "namespace": "tools"
            }
          },
          "private": "bnVsbA==",
          "dependencies": [
            "module.dev_cluster.helm_release.ibmcloud_config",
            "module.dev_cluster.ibm_container_cluster.create_cluster",
            "module.dev_cluster.null_resource.create_cluster_config_dir",
            "module.dev_cluster.null_resource.create_registry_namespace",
            "module.dev_cluster.null_resource.delete_ibmcloud_chart",
            "module.dev_cluster.null_resource.ibmcloud_login",
            "module.dev_cluster.null_resource.oc_login",
            "module.dev_cluster.null_resource.setup_kube_config",
            "module.dev_cluster_namespaces.kubernetes_namespace.releases",
            "module.dev_cluster_namespaces.kubernetes_namespace.tools",
            "module.dev_cluster_namespaces.null_resource.copy_apikey_secret",
            "module.dev_cluster_namespaces.null_resource.copy_cloud_configmap",
            "module.dev_cluster_namespaces.null_resource.create_pull_secrets",
            "module.dev_cluster_namespaces.null_resource.delete_release_namespaces",
            "module.dev_cluster_namespaces.null_resource.delete_tools_namespace"
          ]
        }
      ]
    },
    {
      "module": "module.dev_tools_tekton_release",
      "mode": "managed",
      "type": "null_resource",
      "name": "tekton",
      "provider": "module.dev_tools_tekton_release.provider.null",
      "instances": [
        {
          "schema_version": 0,
          "attributes": {
            "id": "5114237894645753100",
            "triggers": {
              "kubeconfig": "/home/devops/.kube/config"
            }
          },
          "private": "bnVsbA==",
          "dependencies": [
            "module.dev_cluster.helm_release.ibmcloud_config",
            "module.dev_cluster.ibm_container_cluster.create_cluster",
            "module.dev_cluster.null_resource.create_cluster_config_dir",
            "module.dev_cluster.null_resource.create_registry_namespace",
            "module.dev_cluster.null_resource.delete_ibmcloud_chart",
            "module.dev_cluster.null_resource.ibmcloud_login",
            "module.dev_cluster.null_resource.oc_login",
            "module.dev_cluster.null_resource.setup_kube_config"
          ]
        }
      ]
    },
    {
      "module": "module.dev_tools_tekton_release",
      "mode": "managed",
      "type": "null_resource",
      "name": "tekton_dashboard",
      "provider": "module.dev_tools_tekton_release.provider.null",
      "instances": [
        {
          "schema_version": 0,
          "attributes": {
            "id": "2578811894934355877",
            "triggers": {
              "cluster_type": "openshift",
              "dashboard_namespace": "tekton-pipelines",
              "dashboard_version": "v0.5.2",
              "dashboard_yaml_file_k8s": "tekton-dashboard-release.yaml",
              "dashboard_yaml_file_ocp": "openshift-tekton-dashboard-release.yaml",
              "kubeconfig": "/home/devops/.kube/config"
            }
          },
          "private": "bnVsbA==",
          "dependencies": [
            "module.dev_cluster.helm_release.ibmcloud_config",
            "module.dev_cluster.ibm_container_cluster.create_cluster",
            "module.dev_cluster.null_resource.create_cluster_config_dir",
            "module.dev_cluster.null_resource.create_registry_namespace",
            "module.dev_cluster.null_resource.delete_ibmcloud_chart",
            "module.dev_cluster.null_resource.ibmcloud_login",
            "module.dev_cluster.null_resource.oc_login",
            "module.dev_cluster.null_resource.setup_kube_config",
            "module.dev_tools_tekton_release.null_resource.tekton"
          ]
        }
      ]
    },
    {
      "module": "module.dev_tools_tekton_resources",
      "mode": "managed",
      "type": "null_resource",
      "name": "tekton_resources",
      "provider": "module.dev_tools_tekton_resources.provider.null",
      "instances": [
        {
          "schema_version": 0,
          "attributes": {
            "id": "5853379410582729535",
            "triggers": {
              "kubeconfig": "/home/devops/.kube/config",
              "tools_namespace": "tools"
            }
          },
          "private": "bnVsbA==",
          "dependencies": [
            "module.dev_cluster.helm_release.ibmcloud_config",
            "module.dev_cluster.ibm_container_cluster.create_cluster",
            "module.dev_cluster.null_resource.create_cluster_config_dir",
            "module.dev_cluster.null_resource.create_registry_namespace",
            "module.dev_cluster.null_resource.delete_ibmcloud_chart",
            "module.dev_cluster.null_resource.ibmcloud_login",
            "module.dev_cluster.null_resource.oc_login",
            "module.dev_cluster.null_resource.setup_kube_config",
            "module.dev_cluster_namespaces.kubernetes_namespace.releases",
            "module.dev_cluster_namespaces.kubernetes_namespace.tools",
            "module.dev_cluster_namespaces.null_resource.copy_apikey_secret",
            "module.dev_cluster_namespaces.null_resource.copy_cloud_configmap",
            "module.dev_cluster_namespaces.null_resource.create_pull_secrets",
            "module.dev_cluster_namespaces.null_resource.delete_release_namespaces",
            "module.dev_cluster_namespaces.null_resource.delete_tools_namespace"
          ]
        }
      ]
    }
  ]
}
